// !$*UTF8*$!
{
	archiveVersion = 1;
	classes = {
	};
	objectVersion = 50;
	objects = {

/* Begin PBXBuildFile section */
		4CFD6E0F24DCE88000D748A9 /* AppDelegate.swift in Sources */ = {isa = PBXBuildFile; fileRef = 4CFD6E0E24DCE88000D748A9 /* AppDelegate.swift */; };
		4CFD6E1124DCE88000D748A9 /* ContentView.swift in Sources */ = {isa = PBXBuildFile; fileRef = 4CFD6E1024DCE88000D748A9 /* ContentView.swift */; };
		4CFD6E1324DCE88000D748A9 /* Experience.rcproject in Sources */ = {isa = PBXBuildFile; fileRef = 4CFD6E1224DCE88000D748A9 /* Experience.rcproject */; };
		4CFD6E1524DCE88200D748A9 /* Assets.xcassets in Resources */ = {isa = PBXBuildFile; fileRef = 4CFD6E1424DCE88200D748A9 /* Assets.xcassets */; };
		4CFD6E1824DCE88200D748A9 /* Preview Assets.xcassets in Resources */ = {isa = PBXBuildFile; fileRef = 4CFD6E1724DCE88200D748A9 /* Preview Assets.xcassets */; };
		4CFD6E1B24DCE88200D748A9 /* LaunchScreen.storyboard in Resources */ = {isa = PBXBuildFile; fileRef = 4CFD6E1924DCE88200D748A9 /* LaunchScreen.storyboard */; };
		4CFD6E2624DCE88200D748A9 /* ARSpaceshipsTests.swift in Sources */ = {isa = PBXBuildFile; fileRef = 4CFD6E2524DCE88200D748A9 /* ARSpaceshipsTests.swift */; };
		4CFD6E3124DCE88200D748A9 /* ARSpaceshipsUITests.swift in Sources */ = {isa = PBXBuildFile; fileRef = 4CFD6E3024DCE88200D748A9 /* ARSpaceshipsUITests.swift */; };
/* End PBXBuildFile section */

/* Begin PBXContainerItemProxy section */
		4CFD6E2224DCE88200D748A9 /* PBXContainerItemProxy */ = {
			isa = PBXContainerItemProxy;
			containerPortal = 4CFD6E0324DCE88000D748A9 /* Project object */;
			proxyType = 1;
			remoteGlobalIDString = 4CFD6E0A24DCE88000D748A9;
			remoteInfo = ARSpaceships;
		};
		4CFD6E2D24DCE88200D748A9 /* PBXContainerItemProxy */ = {
			isa = PBXContainerItemProxy;
			containerPortal = 4CFD6E0324DCE88000D748A9 /* Project object */;
			proxyType = 1;
			remoteGlobalIDString = 4CFD6E0A24DCE88000D748A9;
			remoteInfo = ARSpaceships;
		};
/* End PBXContainerItemProxy section */

/* Begin PBXFileReference section */
		4CFD6E0B24DCE88000D748A9 /* ARSpaceships.app */ = {isa = PBXFileReference; explicitFileType = wrapper.application; includeInIndex = 0; path = ARSpaceships.app; sourceTree = BUILT_PRODUCTS_DIR; };
		4CFD6E0E24DCE88000D748A9 /* AppDelegate.swift */ = {isa = PBXFileReference; lastKnownFileType = sourcecode.swift; path = AppDelegate.swift; sourceTree = "<group>"; };
		4CFD6E1024DCE88000D748A9 /* ContentView.swift */ = {isa = PBXFileReference; lastKnownFileType = sourcecode.swift; path = ContentView.swift; sourceTree = "<group>"; };
		4CFD6E1224DCE88000D748A9 /* Experience.rcproject */ = {isa = PBXFileReference; lastKnownFileType = file.rcproject; path = Experience.rcproject; sourceTree = "<group>"; };
		4CFD6E1424DCE88200D748A9 /* Assets.xcassets */ = {isa = PBXFileReference; lastKnownFileType = folder.assetcatalog; path = Assets.xcassets; sourceTree = "<group>"; };
		4CFD6E1724DCE88200D748A9 /* Preview Assets.xcassets */ = {isa = PBXFileReference; lastKnownFileType = folder.assetcatalog; path = "Preview Assets.xcassets"; sourceTree = "<group>"; };
		4CFD6E1A24DCE88200D748A9 /* Base */ = {isa = PBXFileReference; lastKnownFileType = file.storyboard; name = Base; path = Base.lproj/LaunchScreen.storyboard; sourceTree = "<group>"; };
		4CFD6E1C24DCE88200D748A9 /* Info.plist */ = {isa = PBXFileReference; lastKnownFileType = text.plist.xml; path = Info.plist; sourceTree = "<group>"; };
		4CFD6E2124DCE88200D748A9 /* ARSpaceshipsTests.xctest */ = {isa = PBXFileReference; explicitFileType = wrapper.cfbundle; includeInIndex = 0; path = ARSpaceshipsTests.xctest; sourceTree = BUILT_PRODUCTS_DIR; };
		4CFD6E2524DCE88200D748A9 /* ARSpaceshipsTests.swift */ = {isa = PBXFileReference; lastKnownFileType = sourcecode.swift; path = ARSpaceshipsTests.swift; sourceTree = "<group>"; };
		4CFD6E2724DCE88200D748A9 /* Info.plist */ = {isa = PBXFileReference; lastKnownFileType = text.plist.xml; path = Info.plist; sourceTree = "<group>"; };
		4CFD6E2C24DCE88200D748A9 /* ARSpaceshipsUITests.xctest */ = {isa = PBXFileReference; explicitFileType = wrapper.cfbundle; includeInIndex = 0; path = ARSpaceshipsUITests.xctest; sourceTree = BUILT_PRODUCTS_DIR; };
		4CFD6E3024DCE88200D748A9 /* ARSpaceshipsUITests.swift */ = {isa = PBXFileReference; lastKnownFileType = sourcecode.swift; path = ARSpaceshipsUITests.swift; sourceTree = "<group>"; };
		4CFD6E3224DCE88200D748A9 /* Info.plist */ = {isa = PBXFileReference; lastKnownFileType = text.plist.xml; path = Info.plist; sourceTree = "<group>"; };
/* End PBXFileReference section */

/* Begin PBXFrameworksBuildPhase section */
		4CFD6E0824DCE88000D748A9 /* Frameworks */ = {
			isa = PBXFrameworksBuildPhase;
			buildActionMask = 2147483647;
			files = (
			);
			runOnlyForDeploymentPostprocessing = 0;
		};
		4CFD6E1E24DCE88200D748A9 /* Frameworks */ = {
			isa = PBXFrameworksBuildPhase;
			buildActionMask = 2147483647;
			files = (
			);
			runOnlyForDeploymentPostprocessing = 0;
		};
		4CFD6E2924DCE88200D748A9 /* Frameworks */ = {
			isa = PBXFrameworksBuildPhase;
			buildActionMask = 2147483647;
			files = (
			);
			runOnlyForDeploymentPostprocessing = 0;
		};
/* End PBXFrameworksBuildPhase section */

/* Begin PBXGroup section */
		4CFD6E0224DCE88000D748A9 = {
			isa = PBXGroup;
			children = (
				4CFD6E0D24DCE88000D748A9 /* ARSpaceships */,
				4CFD6E2424DCE88200D748A9 /* ARSpaceshipsTests */,
				4CFD6E2F24DCE88200D748A9 /* ARSpaceshipsUITests */,
				4CFD6E0C24DCE88000D748A9 /* Products */,
			);
			sourceTree = "<group>";
		};
		4CFD6E0C24DCE88000D748A9 /* Products */ = {
			isa = PBXGroup;
			children = (
				4CFD6E0B24DCE88000D748A9 /* ARSpaceships.app */,
				4CFD6E2124DCE88200D748A9 /* ARSpaceshipsTests.xctest */,
				4CFD6E2C24DCE88200D748A9 /* ARSpaceshipsUITests.xctest */,
			);
			name = Products;
			sourceTree = "<group>";
		};
		4CFD6E0D24DCE88000D748A9 /* ARSpaceships */ = {
			isa = PBXGroup;
			children = (
				4CFD6E0E24DCE88000D748A9 /* AppDelegate.swift */,
				4CFD6E1024DCE88000D748A9 /* ContentView.swift */,
				4CFD6E1224DCE88000D748A9 /* Experience.rcproject */,
				4CFD6E1424DCE88200D748A9 /* Assets.xcassets */,
				4CFD6E1924DCE88200D748A9 /* LaunchScreen.storyboard */,
				4CFD6E1C24DCE88200D748A9 /* Info.plist */,
				4CFD6E1624DCE88200D748A9 /* Preview Content */,
			);
			path = ARSpaceships;
			sourceTree = "<group>";
		};
		4CFD6E1624DCE88200D748A9 /* Preview Content */ = {
			isa = PBXGroup;
			children = (
				4CFD6E1724DCE88200D748A9 /* Preview Assets.xcassets */,
			);
			path = "Preview Content";
			sourceTree = "<group>";
		};
		4CFD6E2424DCE88200D748A9 /* ARSpaceshipsTests */ = {
			isa = PBXGroup;
			children = (
				4CFD6E2524DCE88200D748A9 /* ARSpaceshipsTests.swift */,
				4CFD6E2724DCE88200D748A9 /* Info.plist */,
			);
			path = ARSpaceshipsTests;
			sourceTree = "<group>";
		};
		4CFD6E2F24DCE88200D748A9 /* ARSpaceshipsUITests */ = {
			isa = PBXGroup;
			children = (
				4CFD6E3024DCE88200D748A9 /* ARSpaceshipsUITests.swift */,
				4CFD6E3224DCE88200D748A9 /* Info.plist */,
			);
			path = ARSpaceshipsUITests;
			sourceTree = "<group>";
		};
/* End PBXGroup section */

/* Begin PBXNativeTarget section */
		4CFD6E0A24DCE88000D748A9 /* ARSpaceships */ = {
			isa = PBXNativeTarget;
			buildConfigurationList = 4CFD6E3524DCE88200D748A9 /* Build configuration list for PBXNativeTarget "ARSpaceships" */;
			buildPhases = (
				4CFD6E0724DCE88000D748A9 /* Sources */,
				4CFD6E0824DCE88000D748A9 /* Frameworks */,
				4CFD6E0924DCE88000D748A9 /* Resources */,
			);
			buildRules = (
			);
			dependencies = (
			);
			name = ARSpaceships;
			productName = ARSpaceships;
			productReference = 4CFD6E0B24DCE88000D748A9 /* ARSpaceships.app */;
			productType = "com.apple.product-type.application";
		};
		4CFD6E2024DCE88200D748A9 /* ARSpaceshipsTests */ = {
			isa = PBXNativeTarget;
			buildConfigurationList = 4CFD6E3824DCE88200D748A9 /* Build configuration list for PBXNativeTarget "ARSpaceshipsTests" */;
			buildPhases = (
				4CFD6E1D24DCE88200D748A9 /* Sources */,
				4CFD6E1E24DCE88200D748A9 /* Frameworks */,
				4CFD6E1F24DCE88200D748A9 /* Resources */,
			);
			buildRules = (
			);
			dependencies = (
				4CFD6E2324DCE88200D748A9 /* PBXTargetDependency */,
			);
			name = ARSpaceshipsTests;
			productName = ARSpaceshipsTests;
			productReference = 4CFD6E2124DCE88200D748A9 /* ARSpaceshipsTests.xctest */;
			productType = "com.apple.product-type.bundle.unit-test";
		};
		4CFD6E2B24DCE88200D748A9 /* ARSpaceshipsUITests */ = {
			isa = PBXNativeTarget;
			buildConfigurationList = 4CFD6E3B24DCE88200D748A9 /* Build configuration list for PBXNativeTarget "ARSpaceshipsUITests" */;
			buildPhases = (
				4CFD6E2824DCE88200D748A9 /* Sources */,
				4CFD6E2924DCE88200D748A9 /* Frameworks */,
				4CFD6E2A24DCE88200D748A9 /* Resources */,
			);
			buildRules = (
			);
			dependencies = (
				4CFD6E2E24DCE88200D748A9 /* PBXTargetDependency */,
			);
			name = ARSpaceshipsUITests;
			productName = ARSpaceshipsUITests;
			productReference = 4CFD6E2C24DCE88200D748A9 /* ARSpaceshipsUITests.xctest */;
			productType = "com.apple.product-type.bundle.ui-testing";
		};
/* End PBXNativeTarget section */

/* Begin PBXProject section */
		4CFD6E0324DCE88000D748A9 /* Project object */ = {
			isa = PBXProject;
			attributes = {
				LastSwiftUpdateCheck = 1150;
				LastUpgradeCheck = 1150;
				ORGANIZATIONNAME = "David Ramirez";
				TargetAttributes = {
					4CFD6E0A24DCE88000D748A9 = {
						CreatedOnToolsVersion = 11.5;
					};
					4CFD6E2024DCE88200D748A9 = {
						CreatedOnToolsVersion = 11.5;
						TestTargetID = 4CFD6E0A24DCE88000D748A9;
					};
					4CFD6E2B24DCE88200D748A9 = {
						CreatedOnToolsVersion = 11.5;
						TestTargetID = 4CFD6E0A24DCE88000D748A9;
					};
				};
			};
			buildConfigurationList = 4CFD6E0624DCE88000D748A9 /* Build configuration list for PBXProject "ARSpaceships" */;
			compatibilityVersion = "Xcode 9.3";
			developmentRegion = en;
			hasScannedForEncodings = 0;
			knownRegions = (
				en,
				Base,
			);
			mainGroup = 4CFD6E0224DCE88000D748A9;
			productRefGroup = 4CFD6E0C24DCE88000D748A9 /* Products */;
			projectDirPath = "";
			projectRoot = "";
			targets = (
				4CFD6E0A24DCE88000D748A9 /* ARSpaceships */,
				4CFD6E2024DCE88200D748A9 /* ARSpaceshipsTests */,
				4CFD6E2B24DCE88200D748A9 /* ARSpaceshipsUITests */,
			);
		};
/* End PBXProject section */

/* Begin PBXResourcesBuildPhase section */
		4CFD6E0924DCE88000D748A9 /* Resources */ = {
			isa = PBXResourcesBuildPhase;
			buildActionMask = 2147483647;
			files = (
				4CFD6E1B24DCE88200D748A9 /* LaunchScreen.storyboard in Resources */,
				4CFD6E1824DCE88200D748A9 /* Preview Assets.xcassets in Resources */,
				4CFD6E1524DCE88200D748A9 /* Assets.xcassets in Resources */,
			);
			runOnlyForDeploymentPostprocessing = 0;
		};
		4CFD6E1F24DCE88200D748A9 /* Resources */ = {
			isa = PBXResourcesBuildPhase;
			buildActionMask = 2147483647;
			files = (
			);
			runOnlyForDeploymentPostprocessing = 0;
		};
		4CFD6E2A24DCE88200D748A9 /* Resources */ = {
			isa = PBXResourcesBuildPhase;
			buildActionMask = 2147483647;
			files = (
			);
			runOnlyForDeploymentPostprocessing = 0;
		};
/* End PBXResourcesBuildPhase section */

/* Begin PBXSourcesBuildPhase section */
		4CFD6E0724DCE88000D748A9 /* Sources */ = {
			isa = PBXSourcesBuildPhase;
			buildActionMask = 2147483647;
			files = (
				4CFD6E1124DCE88000D748A9 /* ContentView.swift in Sources */,
				4CFD6E0F24DCE88000D748A9 /* AppDelegate.swift in Sources */,
				4CFD6E1324DCE88000D748A9 /* Experience.rcproject in Sources */,
			);
			runOnlyForDeploymentPostprocessing = 0;
		};
		4CFD6E1D24DCE88200D748A9 /* Sources */ = {
			isa = PBXSourcesBuildPhase;
			buildActionMask = 2147483647;
			files = (
				4CFD6E2624DCE88200D748A9 /* ARSpaceshipsTests.swift in Sources */,
			);
			runOnlyForDeploymentPostprocessing = 0;
		};
		4CFD6E2824DCE88200D748A9 /* Sources */ = {
			isa = PBXSourcesBuildPhase;
			buildActionMask = 2147483647;
			files = (
				4CFD6E3124DCE88200D748A9 /* ARSpaceshipsUITests.swift in Sources */,
			);
			runOnlyForDeploymentPostprocessing = 0;
		};
/* End PBXSourcesBuildPhase section */

/* Begin PBXTargetDependency section */
		4CFD6E2324DCE88200D748A9 /* PBXTargetDependency */ = {
			isa = PBXTargetDependency;
			target = 4CFD6E0A24DCE88000D748A9 /* ARSpaceships */;
			targetProxy = 4CFD6E2224DCE88200D748A9 /* PBXContainerItemProxy */;
		};
		4CFD6E2E24DCE88200D748A9 /* PBXTargetDependency */ = {
			isa = PBXTargetDependency;
			target = 4CFD6E0A24DCE88000D748A9 /* ARSpaceships */;
			targetProxy = 4CFD6E2D24DCE88200D748A9 /* PBXContainerItemProxy */;
		};
/* End PBXTargetDependency section */

/* Begin PBXVariantGroup section */
		4CFD6E1924DCE88200D748A9 /* LaunchScreen.storyboard */ = {
			isa = PBXVariantGroup;
			children = (
				4CFD6E1A24DCE88200D748A9 /* Base */,
			);
			name = LaunchScreen.storyboard;
			sourceTree = "<group>";
		};
/* End PBXVariantGroup section */

/* Begin XCBuildConfiguration section */
		4CFD6E3324DCE88200D748A9 /* Debug */ = {
			isa = XCBuildConfiguration;
			buildSettings = {
				ALWAYS_SEARCH_USER_PATHS = NO;
				CLANG_ANALYZER_NONNULL = YES;
				CLANG_ANALYZER_NUMBER_OBJECT_CONVERSION = YES_AGGRESSIVE;
				CLANG_CXX_LANGUAGE_STANDARD = "gnu++14";
				CLANG_CXX_LIBRARY = "libc++";
				CLANG_ENABLE_MODULES = YES;
				CLANG_ENABLE_OBJC_ARC = YES;
				CLANG_ENABLE_OBJC_WEAK = YES;
				CLANG_WARN_BLOCK_CAPTURE_AUTORELEASING = YES;
				CLANG_WARN_BOOL_CONVERSION = YES;
				CLANG_WARN_COMMA = YES;
				CLANG_WARN_CONSTANT_CONVERSION = YES;
				CLANG_WARN_DEPRECATED_OBJC_IMPLEMENTATIONS = YES;
				CLANG_WARN_DIRECT_OBJC_ISA_USAGE = YES_ERROR;
				CLANG_WARN_DOCUMENTATION_COMMENTS = YES;
				CLANG_WARN_EMPTY_BODY = YES;
				CLANG_WARN_ENUM_CONVERSION = YES;
				CLANG_WARN_INFINITE_RECURSION = YES;
				CLANG_WARN_INT_CONVERSION = YES;
				CLANG_WARN_NON_LITERAL_NULL_CONVERSION = YES;
				CLANG_WARN_OBJC_IMPLICIT_RETAIN_SELF = YES;
				CLANG_WARN_OBJC_LITERAL_CONVERSION = YES;
				CLANG_WARN_OBJC_ROOT_CLASS = YES_ERROR;
				CLANG_WARN_RANGE_LOOP_ANALYSIS = YES;
				CLANG_WARN_STRICT_PROTOTYPES = YES;
				CLANG_WARN_SUSPICIOUS_MOVE = YES;
				CLANG_WARN_UNGUARDED_AVAILABILITY = YES_AGGRESSIVE;
				CLANG_WARN_UNREACHABLE_CODE = YES;
				CLANG_WARN__DUPLICATE_METHOD_MATCH = YES;
				COPY_PHASE_STRIP = NO;
				DEBUG_INFORMATION_FORMAT = dwarf;
				ENABLE_STRICT_OBJC_MSGSEND = YES;
				ENABLE_TESTABILITY = YES;
				GCC_C_LANGUAGE_STANDARD = gnu11;
				GCC_DYNAMIC_NO_PIC = NO;
				GCC_NO_COMMON_BLOCKS = YES;
				GCC_OPTIMIZATION_LEVEL = 0;
				GCC_PREPROCESSOR_DEFINITIONS = (
					"DEBUG=1",
					"$(inherited)",
				);
				GCC_WARN_64_TO_32_BIT_CONVERSION = YES;
				GCC_WARN_ABOUT_RETURN_TYPE = YES_ERROR;
				GCC_WARN_UNDECLARED_SELECTOR = YES;
				GCC_WARN_UNINITIALIZED_AUTOS = YES_AGGRESSIVE;
				GCC_WARN_UNUSED_FUNCTION = YES;
				GCC_WARN_UNUSED_VARIABLE = YES;
				IPHONEOS_DEPLOYMENT_TARGET = 13.5;
				MTL_ENABLE_DEBUG_INFO = INCLUDE_SOURCE;
				MTL_FAST_MATH = YES;
				ONLY_ACTIVE_ARCH = YES;
				SDKROOT = iphoneos;
				SWIFT_ACTIVE_COMPILATION_CONDITIONS = DEBUG;
				SWIFT_OPTIMIZATION_LEVEL = "-Onone";
			};
			name = Debug;
		};
		4CFD6E3424DCE88200D748A9 /* Release */ = {
			isa = XCBuildConfiguration;
			buildSettings = {
				ALWAYS_SEARCH_USER_PATHS = NO;
				CLANG_ANALYZER_NONNULL = YES;
				CLANG_ANALYZER_NUMBER_OBJECT_CONVERSION = YES_AGGRESSIVE;
				CLANG_CXX_LANGUAGE_STANDARD = "gnu++14";
				CLANG_CXX_LIBRARY = "libc++";
				CLANG_ENABLE_MODULES = YES;
				CLANG_ENABLE_OBJC_ARC = YES;
				CLANG_ENABLE_OBJC_WEAK = YES;
				CLANG_WARN_BLOCK_CAPTURE_AUTORELEASING = YES;
				CLANG_WARN_BOOL_CONVERSION = YES;
				CLANG_WARN_COMMA = YES;
				CLANG_WARN_CONSTANT_CONVERSION = YES;
				CLANG_WARN_DEPRECATED_OBJC_IMPLEMENTATIONS = YES;
				CLANG_WARN_DIRECT_OBJC_ISA_USAGE = YES_ERROR;
				CLANG_WARN_DOCUMENTATION_COMMENTS = YES;
				CLANG_WARN_EMPTY_BODY = YES;
				CLANG_WARN_ENUM_CONVERSION = YES;
				CLANG_WARN_INFINITE_RECURSION = YES;
				CLANG_WARN_INT_CONVERSION = YES;
				CLANG_WARN_NON_LITERAL_NULL_CONVERSION = YES;
				CLANG_WARN_OBJC_IMPLICIT_RETAIN_SELF = YES;
				CLANG_WARN_OBJC_LITERAL_CONVERSION = YES;
				CLANG_WARN_OBJC_ROOT_CLASS = YES_ERROR;
				CLANG_WARN_RANGE_LOOP_ANALYSIS = YES;
				CLANG_WARN_STRICT_PROTOTYPES = YES;
				CLANG_WARN_SUSPICIOUS_MOVE = YES;
				CLANG_WARN_UNGUARDED_AVAILABILITY = YES_AGGRESSIVE;
				CLANG_WARN_UNREACHABLE_CODE = YES;
				CLANG_WARN__DUPLICATE_METHOD_MATCH = YES;
				COPY_PHASE_STRIP = NO;
				DEBUG_INFORMATION_FORMAT = "dwarf-with-dsym";
				ENABLE_NS_ASSERTIONS = NO;
				ENABLE_STRICT_OBJC_MSGSEND = YES;
				GCC_C_LANGUAGE_STANDARD = gnu11;
				GCC_NO_COMMON_BLOCKS = YES;
				GCC_WARN_64_TO_32_BIT_CONVERSION = YES;
				GCC_WARN_ABOUT_RETURN_TYPE = YES_ERROR;
				GCC_WARN_UNDECLARED_SELECTOR = YES;
				GCC_WARN_UNINITIALIZED_AUTOS = YES_AGGRESSIVE;
				GCC_WARN_UNUSED_FUNCTION = YES;
				GCC_WARN_UNUSED_VARIABLE = YES;
				IPHONEOS_DEPLOYMENT_TARGET = 13.5;
				MTL_ENABLE_DEBUG_INFO = NO;
				MTL_FAST_MATH = YES;
				SDKROOT = iphoneos;
				SWIFT_COMPILATION_MODE = wholemodule;
				SWIFT_OPTIMIZATION_LEVEL = "-O";
				VALIDATE_PRODUCT = YES;
			};
			name = Release;
		};
		4CFD6E3624DCE88200D748A9 /* Debug */ = {
			isa = XCBuildConfiguration;
			buildSettings = {
				ASSETCATALOG_COMPILER_APPICON_NAME = AppIcon;
				CODE_SIGN_STYLE = Automatic;
				DEVELOPMENT_ASSET_PATHS = "\"ARSpaceships/Preview Content\"";
				DEVELOPMENT_TEAM = 2KHSD87J8E;
				ENABLE_PREVIEWS = YES;
				INFOPLIST_FILE = ARSpaceships/Info.plist;
				LD_RUNPATH_SEARCH_PATHS = (
					"$(inherited)",
					"@executable_path/Frameworks",
				);
				PRODUCT_BUNDLE_IDENTIFIER = com.owner.ARSpaceships;
				PRODUCT_NAME = "$(TARGET_NAME)";
				SWIFT_VERSION = 5.0;
				TARGETED_DEVICE_FAMILY = "1,2";
			};
			name = Debug;
		};
		4CFD6E3724DCE88200D748A9 /* Release */ = {
			isa = XCBuildConfiguration;
			buildSettings = {
				ASSETCATALOG_COMPILER_APPICON_NAME = AppIcon;
				CODE_SIGN_STYLE = Automatic;
				DEVELOPMENT_ASSET_PATHS = "\"ARSpaceships/Preview Content\"";
				DEVELOPMENT_TEAM = 2KHSD87J8E;
				ENABLE_PREVIEWS = YES;
				INFOPLIST_FILE = ARSpaceships/Info.plist;
				LD_RUNPATH_SEARCH_PATHS = (
					"$(inherited)",
					"@executable_path/Frameworks",
				);
				PRODUCT_BUNDLE_IDENTIFIER = com.owner.ARSpaceships;
				PRODUCT_NAME = "$(TARGET_NAME)";
				SWIFT_VERSION = 5.0;
				TARGETED_DEVICE_FAMILY = "1,2";
			};
			name = Release;
		};
		4CFD6E3924DCE88200D748A9 /* Debug */ = {
			isa = XCBuildConfiguration;
			buildSettings = {
				ALWAYS_EMBED_SWIFT_STANDARD_LIBRARIES = YES;
				BUNDLE_LOADER = "$(TEST_HOST)";
				CODE_SIGN_STYLE = Automatic;
				INFOPLIST_FILE = ARSpaceshipsTests/Info.plist;
				IPHONEOS_DEPLOYMENT_TARGET = 13.5;
				LD_RUNPATH_SEARCH_PATHS = (
					"$(inherited)",
					"@executable_path/Frameworks",
					"@loader_path/Frameworks",
				);
				PRODUCT_BUNDLE_IDENTIFIER = com.owner.ARSpaceshipsTests;
				PRODUCT_NAME = "$(TARGET_NAME)";
				SWIFT_VERSION = 5.0;
				TARGETED_DEVICE_FAMILY = "1,2";
				TEST_HOST = "$(BUILT_PRODUCTS_DIR)/ARSpaceships.app/ARSpaceships";
			};
			name = Debug;
		};
		4CFD6E3A24DCE88200D748A9 /* Release */ = {
			isa = XCBuildConfiguration;
			buildSettings = {
				ALWAYS_EMBED_SWIFT_STANDARD_LIBRARIES = YES;
				BUNDLE_LOADER = "$(TEST_HOST)";
				CODE_SIGN_STYLE = Automatic;
				INFOPLIST_FILE = ARSpaceshipsTests/Info.plist;
				IPHONEOS_DEPLOYMENT_TARGET = 13.5;
				LD_RUNPATH_SEARCH_PATHS = (
					"$(inherited)",
					"@executable_path/Frameworks",
					"@loader_path/Frameworks",
				);
				PRODUCT_BUNDLE_IDENTIFIER = com.owner.ARSpaceshipsTests;
				PRODUCT_NAME = "$(TARGET_NAME)";
				SWIFT_VERSION = 5.0;
				TARGETED_DEVICE_FAMILY = "1,2";
				TEST_HOST = "$(BUILT_PRODUCTS_DIR)/ARSpaceships.app/ARSpaceships";
			};
			name = Release;
		};
		4CFD6E3C24DCE88200D748A9 /* Debug */ = {
			isa = XCBuildConfiguration;
			buildSettings = {
				ALWAYS_EMBED_SWIFT_STANDARD_LIBRARIES = YES;
				CODE_SIGN_STYLE = Automatic;
				INFOPLIST_FILE = ARSpaceshipsUITests/Info.plist;
				LD_RUNPATH_SEARCH_PATHS = (
					"$(inherited)",
					"@executable_path/Frameworks",
					"@loader_path/Frameworks",
				);
				PRODUCT_BUNDLE_IDENTIFIER = com.owner.ARSpaceshipsUITests;
				PRODUCT_NAME = "$(TARGET_NAME)";
				SWIFT_VERSION = 5.0;
				TARGETED_DEVICE_FAMILY = "1,2";
				TEST_TARGET_NAME = ARSpaceships;
			};
			name = Debug;
		};
		4CFD6E3D24DCE88200D748A9 /* Release */ = {
			isa = XCBuildConfiguration;
			buildSettings = {
				ALWAYS_EMBED_SWIFT_STANDARD_LIBRARIES = YES;
				CODE_SIGN_STYLE = Automatic;
				INFOPLIST_FILE = ARSpaceshipsUITests/Info.plist;
				LD_RUNPATH_SEARCH_PATHS = (
					"$(inherited)",
					"@executable_path/Frameworks",
					"@loader_path/Frameworks",
				);
				PRODUCT_BUNDLE_IDENTIFIER = com.owner.ARSpaceshipsUITests;
				PRODUCT_NAME = "$(TARGET_NAME)";
				SWIFT_VERSION = 5.0;
				TARGETED_DEVICE_FAMILY = "1,2";
				TEST_TARGET_NAME = ARSpaceships;
			};
			name = Release;
		};
/* End XCBuildConfiguration section */

/* Begin XCConfigurationList section */
		4CFD6E0624DCE88000D748A9 /* Build configuration list for PBXProject "ARSpaceships" */ = {
			isa = XCConfigurationList;
			buildConfigurations = (
				4CFD6E3324DCE88200D748A9 /* Debug */,
				4CFD6E3424DCE88200D748A9 /* Release */,
			);
			defaultConfigurationIsVisible = 0;
			defaultConfigurationName = Release;
		};
		4CFD6E3524DCE88200D748A9 /* Build configuration list for PBXNativeTarget "ARSpaceships" */ = {
			isa = XCConfigurationList;
			buildConfigurations = (
				4CFD6E3624DCE88200D748A9 /* Debug */,
				4CFD6E3724DCE88200D748A9 /* Release */,
			);
			defaultConfigurationIsVisible = 0;
			defaultConfigurationName = Release;
		};
		4CFD6E3824DCE88200D748A9 /* Build configuration list for PBXNativeTarget "ARSpaceshipsTests" */ = {
			isa = XCConfigurationList;
			buildConfigurations = (
				4CFD6E3924DCE88200D748A9 /* Debug */,
				4CFD6E3A24DCE88200D748A9 /* Release */,
			);
			defaultConfigurationIsVisible = 0;
			defaultConfigurationName = Release;
		};
		4CFD6E3B24DCE88200D748A9 /* Build configuration list for PBXNativeTarget "ARSpaceshipsUITests" */ = {
			isa = XCConfigurationList;
			buildConfigurations = (
				4CFD6E3C24DCE88200D748A9 /* Debug */,
				4CFD6E3D24DCE88200D748A9 /* Release */,
			);
			defaultConfigurationIsVisible = 0;
			defaultConfigurationName = Release;
		};
/* End XCConfigurationList section */
	};
	rootObject = 4CFD6E0324DCE88000D748A9 /* Project object */;
}
